
Microsoft Visual Studio Solution File, Format Version 12.00
# Visual Studio Version 16
VisualStudioVersion = 16.0.28922.388
MinimumVisualStudioVersion = 10.0.40219.1
Project("{9A19103F-16F7-4668-BE54-9A1E7A4F7556}") = "SoundDeck.Core", "src\SoundDeck.Core\SoundDeck.Core.csproj", "{4336C68F-D7F1-4A1A-A87A-AEEC27DC6ACA}"
EndProject
Project("{2150E333-8FDC-42A3-9474-1A3956D46DE8}") = "Root", "Root", "{1C030969-3701-4B5A-9441-71C488D8994A}"
	ProjectSection(SolutionItems) = preProject
		.babelrc = .babelrc
		.editorconfig = .editorconfig
		.gitignore = .gitignore
		.gitmodules = .gitmodules
		CHANGELOG.md = CHANGELOG.md
		LICENSE = LICENSE
		package-lock.json = package-lock.json
		package.json = package.json
		README.md = README.md
		webpack.config.js = webpack.config.js
	EndProjectSection
EndProject
Project("{9A19103F-16F7-4668-BE54-9A1E7A4F7556}") = "SoundDeck.PI", "src\SoundDeck.PI\SoundDeck.PI.csproj", "{C9C562B9-745D-442E-A1CA-13E8314F5CF5}"
EndProject
Project("{9A19103F-16F7-4668-BE54-9A1E7A4F7556}") = "SoundDeck.Plugin", "src\SoundDeck.Plugin\SoundDeck.Plugin.csproj", "{F2324141-149B-44E8-8E10-02A18F025842}"
EndProject
Project("{9A19103F-16F7-4668-BE54-9A1E7A4F7556}") = "SoundDeck.Plugin.Windows", "src\SoundDeck.Plugin.Windows\SoundDeck.Plugin.Windows.csproj", "{4DC7E3C9-1CA0-4C22-83B7-D3A24EB6E083}"
EndProject
Global
	GlobalSection(SolutionConfigurationPlatforms) = preSolution
		Debug|Any CPU = Debug|Any CPU
		Release|Any CPU = Release|Any CPU
	EndGlobalSection
	GlobalSection(ProjectConfigurationPlatforms) = postSolution
		{4336C68F-D7F1-4A1A-A87A-AEEC27DC6ACA}.Debug|Any CPU.ActiveCfg = Debug|Any CPU
		{4336C68F-D7F1-4A1A-A87A-AEEC27DC6ACA}.Debug|Any CPU.Build.0 = Debug|Any CPU
		{4336C68F-D7F1-4A1A-A87A-AEEC27DC6ACA}.Release|Any CPU.ActiveCfg = Release|Any CPU
		{4336C68F-D7F1-4A1A-A87A-AEEC27DC6ACA}.Release|Any CPU.Build.0 = Release|Any CPU
		{C9C562B9-745D-442E-A1CA-13E8314F5CF5}.Debug|Any CPU.ActiveCfg = Debug|Any CPU
		{C9C562B9-745D-442E-A1CA-13E8314F5CF5}.Debug|Any CPU.Build.0 = Debug|Any CPU
		{C9C562B9-745D-442E-A1CA-13E8314F5CF5}.Release|Any CPU.ActiveCfg = Release|Any CPU
		{C9C562B9-745D-442E-A1CA-13E8314F5CF5}.Release|Any CPU.Build.0 = Release|Any CPU
		{F2324141-149B-44E8-8E10-02A18F025842}.Debug|Any CPU.ActiveCfg = Debug|Any CPU
		{F2324141-149B-44E8-8E10-02A18F025842}.Debug|Any CPU.Build.0 = Debug|Any CPU
		{F2324141-149B-44E8-8E10-02A18F025842}.Release|Any CPU.ActiveCfg = Release|Any CPU
		{F2324141-149B-44E8-8E10-02A18F025842}.Release|Any CPU.Build.0 = Release|Any CPU
		{4DC7E3C9-1CA0-4C22-83B7-D3A24EB6E083}.Debug|Any CPU.ActiveCfg = Debug|Any CPU
		{4DC7E3C9-1CA0-4C22-83B7-D3A24EB6E083}.Debug|Any CPU.Build.0 = Debug|Any CPU
		{4DC7E3C9-1CA0-4C22-83B7-D3A24EB6E083}.Release|Any CPU.ActiveCfg = Release|Any CPU
		{4DC7E3C9-1CA0-4C22-83B7-D3A24EB6E083}.Release|Any CPU.Build.0 = Release|Any CPU
	EndGlobalSection
	GlobalSection(SolutionProperties) = preSolution
		HideSolutionNode = FALSE
	EndGlobalSection
	GlobalSection(ExtensibilityGlobals) = postSolution
		SolutionGuid = {29A7862F-3307-4226-8932-37C596345BF0}
	EndGlobalSection
EndGlobal
